{
  "name": "docs",
  "version": "1.0.0",
  "lockfileVersion": 3,
  "requires": true,
  "packages": {
    "": {
      "name": "docs",
      "version": "1.0.0",
      "license": "ISC",
      "dependencies": {
        "retypeapp-win-x64": "^3.5.0"
      }
    },
    "node_modules/retypeapp-win-x64": {
      "version": "3.5.0",
      "resolved": "https://registry.npmjs.org/retypeapp-win-x64/-/retypeapp-win-x64-3.5.0.tgz",
      "integrity": "sha512-II9fqg6gBBiCdlJ2n5EB89dNusgko9D2qKXaqCgCPuNOS7c7rMgL5bORt3r8mVWbL25gC1U+40KNuchYuzUpvQ==",
      "bin": {
        "retype": "retype.js"
      }
    }
  }
}
